
Microsoft Visual Studio Solution File, Format Version 12.00
# Visual Studio Version 17
VisualStudioVersion = 17.7.34202.233
MinimumVisualStudioVersion = 10.0.40219.1
Project("{9A19103F-16F7-4668-BE54-9A1E7A4F7556}") = "ccse-cw1", "ccse-cw1.csproj", "{361E7CEF-B0B9-491E-ADEA-C501D95794BD}"
EndProject
Global
	GlobalSection(SolutionConfigurationPlatforms) = preSolution
		Debug|Any CPU = Debug|Any CPU
		Release|Any CPU = Release|Any CPU
	EndGlobalSection
	GlobalSection(ProjectConfigurationPlatforms) = postSolution
		{361E7CEF-B0B9-491E-ADEA-C501D95794BD}.Debug|Any CPU.ActiveCfg = Debug|Any CPU
		{361E7CEF-B0B9-491E-ADEA-C501D95794BD}.Debug|Any CPU.Build.0 = Debug|Any CPU
		{361E7CEF-B0B9-491E-ADEA-C501D95794BD}.Release|Any CPU.ActiveCfg = Release|Any CPU
		{361E7CEF-B0B9-491E-ADEA-C501D95794BD}.Release|Any CPU.Build.0 = Release|Any CPU
	EndGlobalSection
	GlobalSection(SolutionProperties) = preSolution
		HideSolutionNode = FALSE
	EndGlobalSection
	GlobalSection(ExtensibilityGlobals) = postSolution
		SolutionGuid = {CEB22395-A877-4B14-93EF-F488ECF5A36F}
	EndGlobalSection
EndGlobal
